
Microsoft Visual Studio Solution File, Format Version 12.00
# Visual Studio Version 17
VisualStudioVersion = 17.11.35327.3
MinimumVisualStudioVersion = 10.0.40219.1
Project("{FAE04EC0-301F-11D3-BF4B-00C04F79EFBC}") = "FRResto", "FRResto\FRResto.csproj", "{249386C9-9011-4B15-808D-A5BF8122522D}"
EndProject
Global
	GlobalSection(SolutionConfigurationPlatforms) = preSolution
		Debug|Any CPU = Debug|Any CPU
		Release|Any CPU = Release|Any CPU
	EndGlobalSection
	GlobalSection(ProjectConfigurationPlatforms) = postSolution
		{249386C9-9011-4B15-808D-A5BF8122522D}.Debug|Any CPU.ActiveCfg = Debug|Any CPU
		{249386C9-9011-4B15-808D-A5BF8122522D}.Debug|Any CPU.Build.0 = Debug|Any CPU
		{249386C9-9011-4B15-808D-A5BF8122522D}.Release|Any CPU.ActiveCfg = Release|Any CPU
		{249386C9-9011-4B15-808D-A5BF8122522D}.Release|Any CPU.Build.0 = Release|Any CPU
	EndGlobalSection
	GlobalSection(SolutionProperties) = preSolution
		HideSolutionNode = FALSE
	EndGlobalSection
	GlobalSection(ExtensibilityGlobals) = postSolution
		SolutionGuid = {DEA9ADAC-8F41-469B-A1CD-926EA0445286}
	EndGlobalSection
EndGlobal
